
Microsoft Visual Studio Solution File, Format Version 12.00
# Visual Studio Version 16
VisualStudioVersion = 16.0.29209.62
MinimumVisualStudioVersion = 10.0.40219.1
Project("{FAE04EC0-301F-11D3-BF4B-00C04F79EFBC}") = "ServerTester", "ServerTester.csproj", "{D34BAFD5-E689-4AEB-B06D-FD1C3872718F}"
EndProject
Global
	GlobalSection(SolutionConfigurationPlatforms) = preSolution
		Debug|Any CPU = Debug|Any CPU
		Release|Any CPU = Release|Any CPU
	EndGlobalSection
	GlobalSection(ProjectConfigurationPlatforms) = postSolution
		{D34BAFD5-E689-4AEB-B06D-FD1C3872718F}.Debug|Any CPU.ActiveCfg = Debug|Any CPU
		{D34BAFD5-E689-4AEB-B06D-FD1C3872718F}.Debug|Any CPU.Build.0 = Debug|Any CPU
		{D34BAFD5-E689-4AEB-B06D-FD1C3872718F}.Release|Any CPU.ActiveCfg = Release|Any CPU
		{D34BAFD5-E689-4AEB-B06D-FD1C3872718F}.Release|Any CPU.Build.0 = Release|Any CPU
	EndGlobalSection
	GlobalSection(SolutionProperties) = preSolution
		HideSolutionNode = FALSE
	EndGlobalSection
	GlobalSection(ExtensibilityGlobals) = postSolution
		SolutionGuid = {1BF5FDC4-65A7-4C6D-9F5C-99BCA3F3277F}
	EndGlobalSection
EndGlobal
